
Microsoft Visual Studio Solution File, Format Version 9.00
# Visual Studio 2005
Project("{FAE04EC0-301F-11D3-BF4B-00C04F79EFBC}") = "ConsoleApplication1", "..\My Documents\Visual Studio 2005\Projects\ConsoleApplication1\ConsoleApplication1\ConsoleApplication1.csproj", "{BA01F78E-88BF-44F0-B2ED-CD2DD04400E0}"
EndProject
Global
	GlobalSection(SolutionConfigurationPlatforms) = preSolution
		Debug|Any CPU = Debug|Any CPU
		Release|Any CPU = Release|Any CPU
	EndGlobalSection
	GlobalSection(ProjectConfigurationPlatforms) = postSolution
		{BA01F78E-88BF-44F0-B2ED-CD2DD04400E0}.Debug|Any CPU.ActiveCfg = Debug|Any CPU
		{BA01F78E-88BF-44F0-B2ED-CD2DD04400E0}.Debug|Any CPU.Build.0 = Debug|Any CPU
		{BA01F78E-88BF-44F0-B2ED-CD2DD04400E0}.Release|Any CPU.ActiveCfg = Release|Any CPU
		{BA01F78E-88BF-44F0-B2ED-CD2DD04400E0}.Release|Any CPU.Build.0 = Release|Any CPU
	EndGlobalSection
	GlobalSection(SolutionProperties) = preSolution
		HideSolutionNode = FALSE
	EndGlobalSection
EndGlobal
